
Microsoft Visual Studio Solution File, Format Version 12.00
# Visual Studio Version 16
VisualStudioVersion = 16.0.31702.278
MinimumVisualStudioVersion = 10.0.40219.1
Project("{FAE04EC0-301F-11D3-BF4B-00C04F79EFBC}") = "JamPacker", "JamPacker.csproj", "{71049D59-3AFD-4677-940E-529424909C41}"
EndProject
Global
	GlobalSection(SolutionConfigurationPlatforms) = preSolution
		Debug|Any CPU = Debug|Any CPU
		Release|Any CPU = Release|Any CPU
	EndGlobalSection
	GlobalSection(ProjectConfigurationPlatforms) = postSolution
		{71049D59-3AFD-4677-940E-529424909C41}.Debug|Any CPU.ActiveCfg = Debug|Any CPU
		{71049D59-3AFD-4677-940E-529424909C41}.Debug|Any CPU.Build.0 = Debug|Any CPU
		{71049D59-3AFD-4677-940E-529424909C41}.Release|Any CPU.ActiveCfg = Release|Any CPU
		{71049D59-3AFD-4677-940E-529424909C41}.Release|Any CPU.Build.0 = Release|Any CPU
	EndGlobalSection
	GlobalSection(SolutionProperties) = preSolution
		HideSolutionNode = FALSE
	EndGlobalSection
	GlobalSection(ExtensibilityGlobals) = postSolution
		SolutionGuid = {CAE648D6-353D-4C6F-B894-7CCB6ADFF3A1}
	EndGlobalSection
EndGlobal
